
Microsoft Visual Studio Solution File, Format Version 12.00
# Visual Studio Version 17
VisualStudioVersion = 17.3.32929.385
MinimumVisualStudioVersion = 10.0.40219.1
Project("{9A19103F-16F7-4668-BE54-9A1E7A4F7556}") = "SearchEngine", "SearchEngine\SearchEngine.csproj", "{2D152B5B-6A08-4B98-8432-CF4DC492E3F2}"
EndProject
Project("{9A19103F-16F7-4668-BE54-9A1E7A4F7556}") = "SearchClient", "SearchClient\SearchClient.csproj", "{93D9A650-55BF-4D10-B28D-4B6CE4913C11}"
EndProject
Project("{9A19103F-16F7-4668-BE54-9A1E7A4F7556}") = "InvertedIndexTests", "SearchEngineTests\InvertedIndexTests.csproj", "{2019E1D9-C405-475F-822A-B48EFC01092D}"
EndProject
Global
	GlobalSection(SolutionConfigurationPlatforms) = preSolution
		Debug|Any CPU = Debug|Any CPU
		Release|Any CPU = Release|Any CPU
	EndGlobalSection
	GlobalSection(ProjectConfigurationPlatforms) = postSolution
		{2D152B5B-6A08-4B98-8432-CF4DC492E3F2}.Debug|Any CPU.ActiveCfg = Debug|Any CPU
		{2D152B5B-6A08-4B98-8432-CF4DC492E3F2}.Debug|Any CPU.Build.0 = Debug|Any CPU
		{2D152B5B-6A08-4B98-8432-CF4DC492E3F2}.Release|Any CPU.ActiveCfg = Release|Any CPU
		{2D152B5B-6A08-4B98-8432-CF4DC492E3F2}.Release|Any CPU.Build.0 = Release|Any CPU
		{93D9A650-55BF-4D10-B28D-4B6CE4913C11}.Debug|Any CPU.ActiveCfg = Debug|Any CPU
		{93D9A650-55BF-4D10-B28D-4B6CE4913C11}.Debug|Any CPU.Build.0 = Debug|Any CPU
		{93D9A650-55BF-4D10-B28D-4B6CE4913C11}.Release|Any CPU.ActiveCfg = Release|Any CPU
		{93D9A650-55BF-4D10-B28D-4B6CE4913C11}.Release|Any CPU.Build.0 = Release|Any CPU
		{2019E1D9-C405-475F-822A-B48EFC01092D}.Debug|Any CPU.ActiveCfg = Debug|Any CPU
		{2019E1D9-C405-475F-822A-B48EFC01092D}.Debug|Any CPU.Build.0 = Debug|Any CPU
		{2019E1D9-C405-475F-822A-B48EFC01092D}.Release|Any CPU.ActiveCfg = Release|Any CPU
		{2019E1D9-C405-475F-822A-B48EFC01092D}.Release|Any CPU.Build.0 = Release|Any CPU
	EndGlobalSection
	GlobalSection(SolutionProperties) = preSolution
		HideSolutionNode = FALSE
	EndGlobalSection
	GlobalSection(ExtensibilityGlobals) = postSolution
		SolutionGuid = {3818B6EB-9998-4DCF-9C16-C99B6E7F2834}
	EndGlobalSection
EndGlobal
